# THIS IS AN AUTOGENERATED FILE. DO NOT EDIT THIS FILE DIRECTLY.
# yarn lockfile v1


vue-virtual-scroll-list@^2.3.0:
  version "2.3.0"
  resolved "https://registry.yarnpkg.com/vue-virtual-scroll-list/-/vue-virtual-scroll-list-2.3.0.tgz#d5dda60b4890acef670ed1d4412b60c7137bb706"
  integrity sha512-A0Cyvj9+oqsHoA95jH77kP8QaYzOm71aq4LiOvPXLQ7AVK73raDEy09Kbh+RQbWz1iw5I3++UU2WOmHYIHwN8A==
